Microsoft Visual Studio Solution File, Format Version 11.00
# Visual Studio 2010
Project("{FAE04EC0-301F-11D3-BF4B-00C04F79EFBC}") = "Assembly-CSharp", "Assembly-CSharp.csproj", "{1A7E1B69-6220-C9DF-B313-D17AC3AD872E}"
EndProject
Project("{FAE04EC0-301F-11D3-BF4B-00C04F79EFBC}") = "Assembly-CSharp-firstpass", "Assembly-CSharp-firstpass.csproj", "{DEB101E8-FBC6-7771-B6CB-E9A677C0D4C5}"
EndProject
Project("{FAE04EC0-301F-11D3-BF4B-00C04F79EFBC}") = "Assembly-CSharp-Editor-firstpass", "Assembly-CSharp-Editor-firstpass.csproj", "{BF7D549D-62EE-CF2E-E3D8-F2A28FC81D06}"
EndProject
Global
	GlobalSection(SolutionConfigurationPlatforms) = preSolution
		Debug|Any CPU = Debug|Any CPU
		Release|Any CPU = Release|Any CPU
	EndGlobalSection
	GlobalSection(ProjectConfigurationPlatforms) = postSolution
		{1A7E1B69-6220-C9DF-B313-D17AC3AD872E}.Debug|Any CPU.ActiveCfg = Debug|Any CPU
		{1A7E1B69-6220-C9DF-B313-D17AC3AD872E}.Debug|Any CPU.Build.0 = Debug|Any CPU
		{1A7E1B69-6220-C9DF-B313-D17AC3AD872E}.Release|Any CPU.ActiveCfg = Release|Any CPU
		{1A7E1B69-6220-C9DF-B313-D17AC3AD872E}.Release|Any CPU.Build.0 = Release|Any CPU
		{DEB101E8-FBC6-7771-B6CB-E9A677C0D4C5}.Debug|Any CPU.ActiveCfg = Debug|Any CPU
		{DEB101E8-FBC6-7771-B6CB-E9A677C0D4C5}.Debug|Any CPU.Build.0 = Debug|Any CPU
		{DEB101E8-FBC6-7771-B6CB-E9A677C0D4C5}.Release|Any CPU.ActiveCfg = Release|Any CPU
		{DEB101E8-FBC6-7771-B6CB-E9A677C0D4C5}.Release|Any CPU.Build.0 = Release|Any CPU
		{BF7D549D-62EE-CF2E-E3D8-F2A28FC81D06}.Debug|Any CPU.ActiveCfg = Debug|Any CPU
		{BF7D549D-62EE-CF2E-E3D8-F2A28FC81D06}.Debug|Any CPU.Build.0 = Debug|Any CPU
		{BF7D549D-62EE-CF2E-E3D8-F2A28FC81D06}.Release|Any CPU.ActiveCfg = Release|Any CPU
		{BF7D549D-62EE-CF2E-E3D8-F2A28FC81D06}.Release|Any CPU.Build.0 = Release|Any CPU
	EndGlobalSection
	GlobalSection(SolutionProperties) = preSolution
		HideSolutionNode = FALSE
	EndGlobalSection
	GlobalSection(MonoDevelopProperties) = preSolution
		StartupItem = Assembly-CSharp.csproj
	EndGlobalSection
EndGlobal
